// !$*UTF8*$!
{
	archiveVersion = 1;
	classes = {
	};
	objectVersion = 56;
	objects = {

/* Begin PBXBuildFile section */
		00AA91BE2A9B57E300FC9CA3 /* ImportAccountOptionScreen.swift in Sources */ = {isa = PBXBuildFile; fileRef = 00AA91B82A9B57E200FC9CA3 /* ImportAccountOptionScreen.swift */; };
		00AA91BF2A9B57E300FC9CA3 /* Start.swift in Sources */ = {isa = PBXBuildFile; fileRef = 00AA91BB2A9B57E200FC9CA3 /* Start.swift */; };
		00AA91C02A9B57E300FC9CA3 /* Login.swift in Sources */ = {isa = PBXBuildFile; fileRef = 00AA91BD2A9B57E200FC9CA3 /* Login.swift */; };
		00AA92222A9B580300FC9CA3 /* StartCallService.swift in Sources */ = {isa = PBXBuildFile; fileRef = 00AA91C32A9B580100FC9CA3 /* StartCallService.swift */; };
		00AA92232A9B580300FC9CA3 /* ItemContactPartisipan.swift in Sources */ = {isa = PBXBuildFile; fileRef = 00AA91C62A9B580100FC9CA3 /* ItemContactPartisipan.swift */; };
		00AA92242A9B580300FC9CA3 /* AddPartiscipan.swift in Sources */ = {isa = PBXBuildFile; fileRef = 00AA91C72A9B580100FC9CA3 /* AddPartiscipan.swift */; };
		00AA92252A9B580300FC9CA3 /* CreateCall.swift in Sources */ = {isa = PBXBuildFile; fileRef = 00AA91C82A9B580100FC9CA3 /* CreateCall.swift */; };
		00AA92262A9B580300FC9CA3 /* ItemGroupContactParticipan.swift in Sources */ = {isa = PBXBuildFile; fileRef = 00AA91C92A9B580100FC9CA3 /* ItemGroupContactParticipan.swift */; };
		00AA92272A9B580300FC9CA3 /* JoinMeetingDialog.swift in Sources */ = {isa = PBXBuildFile; fileRef = 00AA91CA2A9B580100FC9CA3 /* JoinMeetingDialog.swift */; };
		00AA92282A9B580300FC9CA3 /* ModalFailedCall.swift in Sources */ = {isa = PBXBuildFile; fileRef = 00AA91CB2A9B580100FC9CA3 /* ModalFailedCall.swift */; };
		00AA92292A9B580300FC9CA3 /* ContactListItem.swift in Sources */ = {isa = PBXBuildFile; fileRef = 00AA91CE2A9B580100FC9CA3 /* ContactListItem.swift */; };
		00AA922A2A9B580300FC9CA3 /* ContactGroupHeading.swift in Sources */ = {isa = PBXBuildFile; fileRef = 00AA91CF2A9B580100FC9CA3 /* ContactGroupHeading.swift */; };
		00AA922B2A9B580300FC9CA3 /* ContactService.swift in Sources */ = {isa = PBXBuildFile; fileRef = 00AA91D12A9B580100FC9CA3 /* ContactService.swift */; };
		00AA922C2A9B580300FC9CA3 /* ContactViewModel.swift in Sources */ = {isa = PBXBuildFile; fileRef = 00AA91D22A9B580100FC9CA3 /* ContactViewModel.swift */; };
		00AA922D2A9B580300FC9CA3 /* ContactCategoryModal.swift in Sources */ = {isa = PBXBuildFile; fileRef = 00AA91D52A9B580100FC9CA3 /* ContactCategoryModal.swift */; };
		00AA922E2A9B580300FC9CA3 /* ChangeCategoryModal.swift in Sources */ = {isa = PBXBuildFile; fileRef = 00AA91D62A9B580100FC9CA3 /* ChangeCategoryModal.swift */; };
		00AA922F2A9B580300FC9CA3 /* ContactDetail.swift in Sources */ = {isa = PBXBuildFile; fileRef = 00AA91D82A9B580100FC9CA3 /* ContactDetail.swift */; };
		00AA92302A9B580300FC9CA3 /* ContactList.swift in Sources */ = {isa = PBXBuildFile; fileRef = 00AA91DA2A9B580100FC9CA3 /* ContactList.swift */; };
		00AA92312A9B580300FC9CA3 /* ImportContacts.swift in Sources */ = {isa = PBXBuildFile; fileRef = 00AA91DC2A9B580100FC9CA3 /* ImportContacts.swift */; };
		00AA92322A9B580300FC9CA3 /* AccountListItem.swift in Sources */ = {isa = PBXBuildFile; fileRef = 00AA91DF2A9B580100FC9CA3 /* AccountListItem.swift */; };
		00AA92332A9B580300FC9CA3 /* AccountService.swift in Sources */ = {isa = PBXBuildFile; fileRef = 00AA91E12A9B580100FC9CA3 /* AccountService.swift */; };
		00AA92342A9B580300FC9CA3 /* AccountViewModel.swift in Sources */ = {isa = PBXBuildFile; fileRef = 00AA91E22A9B580100FC9CA3 /* AccountViewModel.swift */; };
		00AA92352A9B580300FC9CA3 /* EditAccount.swift in Sources */ = {isa = PBXBuildFile; fileRef = 00AA91E52A9B580100FC9CA3 /* EditAccount.swift */; };
		00AA92362A9B580300FC9CA3 /* ModalChangePassword.swift in Sources */ = {isa = PBXBuildFile; fileRef = 00AA91E62A9B580100FC9CA3 /* ModalChangePassword.swift */; };
		00AA92372A9B580300FC9CA3 /* AccountSettings.swift in Sources */ = {isa = PBXBuildFile; fileRef = 00AA91E82A9B580100FC9CA3 /* AccountSettings.swift */; };
		00AA92382A9B580300FC9CA3 /* LoadingModal.swift in Sources */ = {isa = PBXBuildFile; fileRef = 00AA91EB2A9B580100FC9CA3 /* LoadingModal.swift */; };
		00AA92392A9B580300FC9CA3 /* RandomColor.swift in Sources */ = {isa = PBXBuildFile; fileRef = 00AA91EC2A9B580100FC9CA3 /* RandomColor.swift */; };
		00AA923A2A9B580300FC9CA3 /* LoadingView.swift in Sources */ = {isa = PBXBuildFile; fileRef = 00AA91ED2A9B580100FC9CA3 /* LoadingView.swift */; };
		00AA923B2A9B580300FC9CA3 /* ErrorView.swift in Sources */ = {isa = PBXBuildFile; fileRef = 00AA91EE2A9B580100FC9CA3 /* ErrorView.swift */; };
		00AA923C2A9B580300FC9CA3 /* PhoneCall.swift in Sources */ = {isa = PBXBuildFile; fileRef = 00AA91F02A9B580100FC9CA3 /* PhoneCall.swift */; };
		00AA923D2A9B580300FC9CA3 /* UserAPI.swift in Sources */ = {isa = PBXBuildFile; fileRef = 00AA91F12A9B580100FC9CA3 /* UserAPI.swift */; };
		00AA923E2A9B580300FC9CA3 /* PhoneDeviceAPI.swift in Sources */ = {isa = PBXBuildFile; fileRef = 00AA91F22A9B580100FC9CA3 /* PhoneDeviceAPI.swift */; };
		00AA923F2A9B580300FC9CA3 /* ContactAPI.swift in Sources */ = {isa = PBXBuildFile; fileRef = 00AA91F32A9B580100FC9CA3 /* ContactAPI.swift */; };
		00AA92402A9B580300FC9CA3 /* CallAPI.swift in Sources */ = {isa = PBXBuildFile; fileRef = 00AA91F42A9B580100FC9CA3 /* CallAPI.swift */; };
		00AA92412A9B580300FC9CA3 /* User.swift in Sources */ = {isa = PBXBuildFile; fileRef = 00AA91F52A9B580100FC9CA3 /* User.swift */; };
		00AA92422A9B580300FC9CA3 /* AuthenticationAPI.swift in Sources */ = {isa = PBXBuildFile; fileRef = 00AA91F62A9B580100FC9CA3 /* AuthenticationAPI.swift */; };
		00AA92432A9B580300FC9CA3 /* SystemAdminAPI.swift in Sources */ = {isa = PBXBuildFile; fileRef = 00AA91F72A9B580100FC9CA3 /* SystemAdminAPI.swift */; };
		00AA92442A9B580300FC9CA3 /* AddressEntry.swift in Sources */ = {isa = PBXBuildFile; fileRef = 00AA91F82A9B580100FC9CA3 /* AddressEntry.swift */; };
		00AA92452A9B580300FC9CA3 /* PhoneDevice.swift in Sources */ = {isa = PBXBuildFile; fileRef = 00AA91F92A9B580100FC9CA3 /* PhoneDevice.swift */; };
		00AA92462A9B580300FC9CA3 /* AddressCategory.swift in Sources */ = {isa = PBXBuildFile; fileRef = 00AA91FA2A9B580100FC9CA3 /* AddressCategory.swift */; };
		00AA92472A9B580300FC9CA3 /* PhoneCallAttendee.swift in Sources */ = {isa = PBXBuildFile; fileRef = 00AA91FB2A9B580100FC9CA3 /* PhoneCallAttendee.swift */; };
		00AA92482A9B580300FC9CA3 /* ZoomService.swift in Sources */ = {isa = PBXBuildFile; fileRef = 00AA91FD2A9B580100FC9CA3 /* ZoomService.swift */; };
		00AA92492A9B580300FC9CA3 /* FavoriteContactListItem.swift in Sources */ = {isa = PBXBuildFile; fileRef = 00AA92002A9B580100FC9CA3 /* FavoriteContactListItem.swift */; };
		00AA924A2A9B580300FC9CA3 /* FavoriteContactService.swift in Sources */ = {isa = PBXBuildFile; fileRef = 00AA92022A9B580100FC9CA3 /* FavoriteContactService.swift */; };
		00AA924B2A9B580300FC9CA3 /* FavoriteContactViewModel.swift in Sources */ = {isa = PBXBuildFile; fileRef = 00AA92032A9B580100FC9CA3 /* FavoriteContactViewModel.swift */; };
		00AA924C2A9B580300FC9CA3 /* FavoriteContactList.swift in Sources */ = {isa = PBXBuildFile; fileRef = 00AA92062A9B580100FC9CA3 /* FavoriteContactList.swift */; };
		00AA924E2A9B580300FC9CA3 /* TabBar.swift in Sources */ = {isa = PBXBuildFile; fileRef = 00AA920A2A9B580200FC9CA3 /* TabBar.swift */; };
		00AA924F2A9B580300FC9CA3 /* TabBarItem.swift in Sources */ = {isa = PBXBuildFile; fileRef = 00AA920B2A9B580200FC9CA3 /* TabBarItem.swift */; };
		00AA92502A9B580300FC9CA3 /* CurrentScreen.swift in Sources */ = {isa = PBXBuildFile; fileRef = 00AA920C2A9B580200FC9CA3 /* CurrentScreen.swift */; };
		00AA92512A9B580300FC9CA3 /* ShowModalTabBarItem.swift in Sources */ = {isa = PBXBuildFile; fileRef = 00AA920D2A9B580200FC9CA3 /* ShowModalTabBarItem.swift */; };
		00AA92522A9B580300FC9CA3 /* MainView.swift in Sources */ = {isa = PBXBuildFile; fileRef = 00AA920E2A9B580200FC9CA3 /* MainView.swift */; };
		00AA92532A9B580300FC9CA3 /* MainScreenView.swift in Sources */ = {isa = PBXBuildFile; fileRef = 00AA920F2A9B580200FC9CA3 /* MainScreenView.swift */; };
		00AA92542A9B580300FC9CA3 /* SelectedTab.swift in Sources */ = {isa = PBXBuildFile; fileRef = 00AA92112A9B580200FC9CA3 /* SelectedTab.swift */; };
		00AA92552A9B580300FC9CA3 /* CallAppDelegate.swift in Sources */ = {isa = PBXBuildFile; fileRef = 00AA92132A9B580200FC9CA3 /* CallAppDelegate.swift */; };
		00AA92562A9B580300FC9CA3 /* CallSceneDelegate.swift in Sources */ = {isa = PBXBuildFile; fileRef = 00AA92142A9B580200FC9CA3 /* CallSceneDelegate.swift */; };
		00AA92572A9B580300FC9CA3 /* CallHistoryListItem.swift in Sources */ = {isa = PBXBuildFile; fileRef = 00AA92172A9B580200FC9CA3 /* CallHistoryListItem.swift */; };
		00AA92582A9B580300FC9CA3 /* CallHistoryService.swift in Sources */ = {isa = PBXBuildFile; fileRef = 00AA92192A9B580200FC9CA3 /* CallHistoryService.swift */; };
		00AA92592A9B580300FC9CA3 /* CallHistoryViewModel.swift in Sources */ = {isa = PBXBuildFile; fileRef = 00AA921A2A9B580200FC9CA3 /* CallHistoryViewModel.swift */; };
		00AA925A2A9B580300FC9CA3 /* CallHistoryList.swift in Sources */ = {isa = PBXBuildFile; fileRef = 00AA921D2A9B580200FC9CA3 /* CallHistoryList.swift */; };
		00AA925B2A9B580300FC9CA3 /* AccountList.swift in Sources */ = {isa = PBXBuildFile; fileRef = 00AA92212A9B580200FC9CA3 /* AccountList.swift */; };
		00AA925E2A9B593700FC9CA3 /* MobileRTC.xcframework in Frameworks */ = {isa = PBXBuildFile; fileRef = 00AA925C2A9B585F00FC9CA3 /* MobileRTC.xcframework */; };
		00AA925F2A9B593700FC9CA3 /* MobileRTC.xcframework in Embed Frameworks */ = {isa = PBXBuildFile; fileRef = 00AA925C2A9B585F00FC9CA3 /* MobileRTC.xcframework */; settings = {ATTRIBUTES = (CodeSignOnCopy, RemoveHeadersOnCopy, ); }; };
		A8629D702A933DF50083101A /* GoogleService-Info.plist in Resources */ = {isa = PBXBuildFile; fileRef = A8629D6F2A933DF50083101A /* GoogleService-Info.plist */; };
		A8BC71F62A838BE50088392C /* NarrativePhoneApp.swift in Sources */ = {isa = PBXBuildFile; fileRef = A8BC71F52A838BE50088392C /* NarrativePhoneApp.swift */; };
		A8BC71F82A838BE50088392C /* ContentView.swift in Sources */ = {isa = PBXBuildFile; fileRef = A8BC71F72A838BE50088392C /* ContentView.swift */; };
		A8BC71FA2A838BE60088392C /* Assets.xcassets in Resources */ = {isa = PBXBuildFile; fileRef = A8BC71F92A838BE60088392C /* Assets.xcassets */; };
		A8BC71FE2A838BE60088392C /* Preview Assets.xcassets in Resources */ = {isa = PBXBuildFile; fileRef = A8BC71FD2A838BE60088392C /* Preview Assets.xcassets */; };
		A8BC72082A838BE60088392C /* NarrativePhoneTests.swift in Sources */ = {isa = PBXBuildFile; fileRef = A8BC72072A838BE60088392C /* NarrativePhoneTests.swift */; };
		A8BC72122A838BE60088392C /* NarrativePhoneUITests.swift in Sources */ = {isa = PBXBuildFile; fileRef = A8BC72112A838BE60088392C /* NarrativePhoneUITests.swift */; };
		A8BC72142A838BE60088392C /* NarrativePhoneUITestsLaunchTests.swift in Sources */ = {isa = PBXBuildFile; fileRef = A8BC72132A838BE60088392C /* NarrativePhoneUITestsLaunchTests.swift */; };
		A8C078BC2A8F407A008EDCC1 /* FirebaseAppDistribution-Beta in Frameworks */ = {isa = PBXBuildFile; productRef = A8C078BB2A8F407A008EDCC1 /* FirebaseAppDistribution-Beta */; };
		A8F9B1F22A95B9990039B8EC /* MobileRTCResources.bundle in Resources */ = {isa = PBXBuildFile; fileRef = A8F9B1F02A95B9980039B8EC /* MobileRTCResources.bundle */; };
/* End PBXBuildFile section */

/* Begin PBXContainerItemProxy section */
		A8BC72042A838BE60088392C /* PBXContainerItemProxy */ = {
			isa = PBXContainerItemProxy;
			containerPortal = A8BC71EA2A838BE50088392C /* Project object */;
			proxyType = 1;
			remoteGlobalIDString = A8BC71F12A838BE50088392C;
			remoteInfo = NarrativePhone;
		};
		A8BC720E2A838BE60088392C /* PBXContainerItemProxy */ = {
			isa = PBXContainerItemProxy;
			containerPortal = A8BC71EA2A838BE50088392C /* Project object */;
			proxyType = 1;
			remoteGlobalIDString = A8BC71F12A838BE50088392C;
			remoteInfo = NarrativePhone;
		};
/* End PBXContainerItemProxy section */

/* Begin PBXCopyFilesBuildPhase section */
		00AA92602A9B593700FC9CA3 /* Embed Frameworks */ = {
			isa = PBXCopyFilesBuildPhase;
			buildActionMask = 2147483647;
			dstPath = "";
			dstSubfolderSpec = 10;
			files = (
				00AA925F2A9B593700FC9CA3 /* MobileRTC.xcframework in Embed Frameworks */,
			);
			name = "Embed Frameworks";
			runOnlyForDeploymentPostprocessing = 0;
		};
/* End PBXCopyFilesBuildPhase section */

/* Begin PBXFileReference section */
		00AA91B82A9B57E200FC9CA3 /* ImportAccountOptionScreen.swift */ = {isa = PBXFileReference; fileEncoding = 4; lastKnownFileType = sourcecode.swift; path = ImportAccountOptionScreen.swift; sourceTree = "<group>"; };
		00AA91BB2A9B57E200FC9CA3 /* Start.swift */ = {isa = PBXFileReference; fileEncoding = 4; lastKnownFileType = sourcecode.swift; path = Start.swift; sourceTree = "<group>"; };
		00AA91BD2A9B57E200FC9CA3 /* Login.swift */ = {isa = PBXFileReference; fileEncoding = 4; lastKnownFileType = sourcecode.swift; path = Login.swift; sourceTree = "<group>"; };
		00AA91C32A9B580100FC9CA3 /* StartCallService.swift */ = {isa = PBXFileReference; fileEncoding = 4; lastKnownFileType = sourcecode.swift; path = StartCallService.swift; sourceTree = "<group>"; };
		00AA91C62A9B580100FC9CA3 /* ItemContactPartisipan.swift */ = {isa = PBXFileReference; fileEncoding = 4; lastKnownFileType = sourcecode.swift; path = ItemContactPartisipan.swift; sourceTree = "<group>"; };
		00AA91C72A9B580100FC9CA3 /* AddPartiscipan.swift */ = {isa = PBXFileReference; fileEncoding = 4; lastKnownFileType = sourcecode.swift; path = AddPartiscipan.swift; sourceTree = "<group>"; };
		00AA91C82A9B580100FC9CA3 /* CreateCall.swift */ = {isa = PBXFileReference; fileEncoding = 4; lastKnownFileType = sourcecode.swift; path = CreateCall.swift; sourceTree = "<group>"; };
		00AA91C92A9B580100FC9CA3 /* ItemGroupContactParticipan.swift */ = {isa = PBXFileReference; fileEncoding = 4; lastKnownFileType = sourcecode.swift; path = ItemGroupContactParticipan.swift; sourceTree = "<group>"; };
		00AA91CA2A9B580100FC9CA3 /* JoinMeetingDialog.swift */ = {isa = PBXFileReference; fileEncoding = 4; lastKnownFileType = sourcecode.swift; path = JoinMeetingDialog.swift; sourceTree = "<group>"; };
		00AA91CB2A9B580100FC9CA3 /* ModalFailedCall.swift */ = {isa = PBXFileReference; fileEncoding = 4; lastKnownFileType = sourcecode.swift; path = ModalFailedCall.swift; sourceTree = "<group>"; };
		00AA91CE2A9B580100FC9CA3 /* ContactListItem.swift */ = {isa = PBXFileReference; fileEncoding = 4; lastKnownFileType = sourcecode.swift; path = ContactListItem.swift; sourceTree = "<group>"; };
		00AA91CF2A9B580100FC9CA3 /* ContactGroupHeading.swift */ = {isa = PBXFileReference; fileEncoding = 4; lastKnownFileType = sourcecode.swift; path = ContactGroupHeading.swift; sourceTree = "<group>"; };
		00AA91D12A9B580100FC9CA3 /* ContactService.swift */ = {isa = PBXFileReference; fileEncoding = 4; lastKnownFileType = sourcecode.swift; path = ContactService.swift; sourceTree = "<group>"; };
		00AA91D22A9B580100FC9CA3 /* ContactViewModel.swift */ = {isa = PBXFileReference; fileEncoding = 4; lastKnownFileType = sourcecode.swift; path = ContactViewModel.swift; sourceTree = "<group>"; };
		00AA91D52A9B580100FC9CA3 /* ContactCategoryModal.swift */ = {isa = PBXFileReference; fileEncoding = 4; lastKnownFileType = sourcecode.swift; path = ContactCategoryModal.swift; sourceTree = "<group>"; };
		00AA91D62A9B580100FC9CA3 /* ChangeCategoryModal.swift */ = {isa = PBXFileReference; fileEncoding = 4; lastKnownFileType = sourcecode.swift; path = ChangeCategoryModal.swift; sourceTree = "<group>"; };
		00AA91D82A9B580100FC9CA3 /* ContactDetail.swift */ = {isa = PBXFileReference; fileEncoding = 4; lastKnownFileType = sourcecode.swift; path = ContactDetail.swift; sourceTree = "<group>"; };
		00AA91DA2A9B580100FC9CA3 /* ContactList.swift */ = {isa = PBXFileReference; fileEncoding = 4; lastKnownFileType = sourcecode.swift; path = ContactList.swift; sourceTree = "<group>"; };
		00AA91DC2A9B580100FC9CA3 /* ImportContacts.swift */ = {isa = PBXFileReference; fileEncoding = 4; lastKnownFileType = sourcecode.swift; path = ImportContacts.swift; sourceTree = "<group>"; };
		00AA91DF2A9B580100FC9CA3 /* AccountListItem.swift */ = {isa = PBXFileReference; fileEncoding = 4; lastKnownFileType = sourcecode.swift; path = AccountListItem.swift; sourceTree = "<group>"; };
		00AA91E12A9B580100FC9CA3 /* AccountService.swift */ = {isa = PBXFileReference; fileEncoding = 4; lastKnownFileType = sourcecode.swift; path = AccountService.swift; sourceTree = "<group>"; };
		00AA91E22A9B580100FC9CA3 /* AccountViewModel.swift */ = {isa = PBXFileReference; fileEncoding = 4; lastKnownFileType = sourcecode.swift; path = AccountViewModel.swift; sourceTree = "<group>"; };
		00AA91E52A9B580100FC9CA3 /* EditAccount.swift */ = {isa = PBXFileReference; fileEncoding = 4; lastKnownFileType = sourcecode.swift; path = EditAccount.swift; sourceTree = "<group>"; };
		00AA91E62A9B580100FC9CA3 /* ModalChangePassword.swift */ = {isa = PBXFileReference; fileEncoding = 4; lastKnownFileType = sourcecode.swift; path = ModalChangePassword.swift; sourceTree = "<group>"; };
		00AA91E82A9B580100FC9CA3 /* AccountSettings.swift */ = {isa = PBXFileReference; fileEncoding = 4; lastKnownFileType = sourcecode.swift; path = AccountSettings.swift; sourceTree = "<group>"; };
		00AA91EB2A9B580100FC9CA3 /* LoadingModal.swift */ = {isa = PBXFileReference; fileEncoding = 4; lastKnownFileType = sourcecode.swift; path = LoadingModal.swift; sourceTree = "<group>"; };
		00AA91EC2A9B580100FC9CA3 /* RandomColor.swift */ = {isa = PBXFileReference; fileEncoding = 4; lastKnownFileType = sourcecode.swift; path = RandomColor.swift; sourceTree = "<group>"; };
		00AA91ED2A9B580100FC9CA3 /* LoadingView.swift */ = {isa = PBXFileReference; fileEncoding = 4; lastKnownFileType = sourcecode.swift; path = LoadingView.swift; sourceTree = "<group>"; };
		00AA91EE2A9B580100FC9CA3 /* ErrorView.swift */ = {isa = PBXFileReference; fileEncoding = 4; lastKnownFileType = sourcecode.swift; path = ErrorView.swift; sourceTree = "<group>"; };
		00AA91F02A9B580100FC9CA3 /* PhoneCall.swift */ = {isa = PBXFileReference; fileEncoding = 4; lastKnownFileType = sourcecode.swift; path = PhoneCall.swift; sourceTree = "<group>"; };
		00AA91F12A9B580100FC9CA3 /* UserAPI.swift */ = {isa = PBXFileReference; fileEncoding = 4; lastKnownFileType = sourcecode.swift; path = UserAPI.swift; sourceTree = "<group>"; };
		00AA91F22A9B580100FC9CA3 /* PhoneDeviceAPI.swift */ = {isa = PBXFileReference; fileEncoding = 4; lastKnownFileType = sourcecode.swift; path = PhoneDeviceAPI.swift; sourceTree = "<group>"; };
		00AA91F32A9B580100FC9CA3 /* ContactAPI.swift */ = {isa = PBXFileReference; fileEncoding = 4; lastKnownFileType = sourcecode.swift; path = ContactAPI.swift; sourceTree = "<group>"; };
		00AA91F42A9B580100FC9CA3 /* CallAPI.swift */ = {isa = PBXFileReference; fileEncoding = 4; lastKnownFileType = sourcecode.swift; path = CallAPI.swift; sourceTree = "<group>"; };
		00AA91F52A9B580100FC9CA3 /* User.swift */ = {isa = PBXFileReference; fileEncoding = 4; lastKnownFileType = sourcecode.swift; path = User.swift; sourceTree = "<group>"; };
		00AA91F62A9B580100FC9CA3 /* AuthenticationAPI.swift */ = {isa = PBXFileReference; fileEncoding = 4; lastKnownFileType = sourcecode.swift; path = AuthenticationAPI.swift; sourceTree = "<group>"; };
		00AA91F72A9B580100FC9CA3 /* SystemAdminAPI.swift */ = {isa = PBXFileReference; fileEncoding = 4; lastKnownFileType = sourcecode.swift; path = SystemAdminAPI.swift; sourceTree = "<group>"; };
		00AA91F82A9B580100FC9CA3 /* AddressEntry.swift */ = {isa = PBXFileReference; fileEncoding = 4; lastKnownFileType = sourcecode.swift; path = AddressEntry.swift; sourceTree = "<group>"; };
		00AA91F92A9B580100FC9CA3 /* PhoneDevice.swift */ = {isa = PBXFileReference; fileEncoding = 4; lastKnownFileType = sourcecode.swift; path = PhoneDevice.swift; sourceTree = "<group>"; };
		00AA91FA2A9B580100FC9CA3 /* AddressCategory.swift */ = {isa = PBXFileReference; fileEncoding = 4; lastKnownFileType = sourcecode.swift; path = AddressCategory.swift; sourceTree = "<group>"; };
		00AA91FB2A9B580100FC9CA3 /* PhoneCallAttendee.swift */ = {isa = PBXFileReference; fileEncoding = 4; lastKnownFileType = sourcecode.swift; path = PhoneCallAttendee.swift; sourceTree = "<group>"; };
		00AA91FD2A9B580100FC9CA3 /* ZoomService.swift */ = {isa = PBXFileReference; fileEncoding = 4; lastKnownFileType = sourcecode.swift; path = ZoomService.swift; sourceTree = "<group>"; };
		00AA92002A9B580100FC9CA3 /* FavoriteContactListItem.swift */ = {isa = PBXFileReference; fileEncoding = 4; lastKnownFileType = sourcecode.swift; path = FavoriteContactListItem.swift; sourceTree = "<group>"; };
		00AA92022A9B580100FC9CA3 /* FavoriteContactService.swift */ = {isa = PBXFileReference; fileEncoding = 4; lastKnownFileType = sourcecode.swift; path = FavoriteContactService.swift; sourceTree = "<group>"; };
		00AA92032A9B580100FC9CA3 /* FavoriteContactViewModel.swift */ = {isa = PBXFileReference; fileEncoding = 4; lastKnownFileType = sourcecode.swift; path = FavoriteContactViewModel.swift; sourceTree = "<group>"; };
		00AA92062A9B580100FC9CA3 /* FavoriteContactList.swift */ = {isa = PBXFileReference; fileEncoding = 4; lastKnownFileType = sourcecode.swift; path = FavoriteContactList.swift; sourceTree = "<group>"; };
		00AA920A2A9B580200FC9CA3 /* TabBar.swift */ = {isa = PBXFileReference; fileEncoding = 4; lastKnownFileType = sourcecode.swift; path = TabBar.swift; sourceTree = "<group>"; };
		00AA920B2A9B580200FC9CA3 /* TabBarItem.swift */ = {isa = PBXFileReference; fileEncoding = 4; lastKnownFileType = sourcecode.swift; path = TabBarItem.swift; sourceTree = "<group>"; };
		00AA920C2A9B580200FC9CA3 /* CurrentScreen.swift */ = {isa = PBXFileReference; fileEncoding = 4; lastKnownFileType = sourcecode.swift; path = CurrentScreen.swift; sourceTree = "<group>"; };
		00AA920D2A9B580200FC9CA3 /* ShowModalTabBarItem.swift */ = {isa = PBXFileReference; fileEncoding = 4; lastKnownFileType = sourcecode.swift; path = ShowModalTabBarItem.swift; sourceTree = "<group>"; };
		00AA920E2A9B580200FC9CA3 /* MainView.swift */ = {isa = PBXFileReference; fileEncoding = 4; lastKnownFileType = sourcecode.swift; path = MainView.swift; sourceTree = "<group>"; };
		00AA920F2A9B580200FC9CA3 /* MainScreenView.swift */ = {isa = PBXFileReference; fileEncoding = 4; lastKnownFileType = sourcecode.swift; path = MainScreenView.swift; sourceTree = "<group>"; };
		00AA92112A9B580200FC9CA3 /* SelectedTab.swift */ = {isa = PBXFileReference; fileEncoding = 4; lastKnownFileType = sourcecode.swift; path = SelectedTab.swift; sourceTree = "<group>"; };
		00AA92132A9B580200FC9CA3 /* CallAppDelegate.swift */ = {isa = PBXFileReference; fileEncoding = 4; lastKnownFileType = sourcecode.swift; path = CallAppDelegate.swift; sourceTree = "<group>"; };
		00AA92142A9B580200FC9CA3 /* CallSceneDelegate.swift */ = {isa = PBXFileReference; fileEncoding = 4; lastKnownFileType = sourcecode.swift; path = CallSceneDelegate.swift; sourceTree = "<group>"; };
		00AA92172A9B580200FC9CA3 /* CallHistoryListItem.swift */ = {isa = PBXFileReference; fileEncoding = 4; lastKnownFileType = sourcecode.swift; path = CallHistoryListItem.swift; sourceTree = "<group>"; };
		00AA92192A9B580200FC9CA3 /* CallHistoryService.swift */ = {isa = PBXFileReference; fileEncoding = 4; lastKnownFileType = sourcecode.swift; path = CallHistoryService.swift; sourceTree = "<group>"; };
		00AA921A2A9B580200FC9CA3 /* CallHistoryViewModel.swift */ = {isa = PBXFileReference; fileEncoding = 4; lastKnownFileType = sourcecode.swift; path = CallHistoryViewModel.swift; sourceTree = "<group>"; };
		00AA921D2A9B580200FC9CA3 /* CallHistoryList.swift */ = {isa = PBXFileReference; fileEncoding = 4; lastKnownFileType = sourcecode.swift; path = CallHistoryList.swift; sourceTree = "<group>"; };
		00AA92212A9B580200FC9CA3 /* AccountList.swift */ = {isa = PBXFileReference; fileEncoding = 4; lastKnownFileType = sourcecode.swift; path = AccountList.swift; sourceTree = "<group>"; };
		00AA925C2A9B585F00FC9CA3 /* MobileRTC.xcframework */ = {isa = PBXFileReference; lastKnownFileType = wrapper.xcframework; name = MobileRTC.xcframework; path = "../../../Downloads/zoom-sdk-ios-5.15.7.9685 3/lib/MobileRTC.xcframework"; sourceTree = "<group>"; };
		A8629D6F2A933DF50083101A /* GoogleService-Info.plist */ = {isa = PBXFileReference; fileEncoding = 4; lastKnownFileType = text.plist.xml; path = "GoogleService-Info.plist"; sourceTree = "<group>"; };
		A8BC71F22A838BE50088392C /* NarrativePhone.app */ = {isa = PBXFileReference; explicitFileType = wrapper.application; includeInIndex = 0; path = NarrativePhone.app; sourceTree = BUILT_PRODUCTS_DIR; };
		A8BC71F52A838BE50088392C /* NarrativePhoneApp.swift */ = {isa = PBXFileReference; lastKnownFileType = sourcecode.swift; path = NarrativePhoneApp.swift; sourceTree = "<group>"; };
		A8BC71F72A838BE50088392C /* ContentView.swift */ = {isa = PBXFileReference; lastKnownFileType = sourcecode.swift; path = ContentView.swift; sourceTree = "<group>"; };
		A8BC71F92A838BE60088392C /* Assets.xcassets */ = {isa = PBXFileReference; lastKnownFileType = folder.assetcatalog; path = Assets.xcassets; sourceTree = "<group>"; };
		A8BC71FB2A838BE60088392C /* NarrativePhone.entitlements */ = {isa = PBXFileReference; lastKnownFileType = text.plist.entitlements; path = NarrativePhone.entitlements; sourceTree = "<group>"; };
		A8BC71FD2A838BE60088392C /* Preview Assets.xcassets */ = {isa = PBXFileReference; lastKnownFileType = folder.assetcatalog; path = "Preview Assets.xcassets"; sourceTree = "<group>"; };
		A8BC72032A838BE60088392C /* NarrativePhoneTests.xctest */ = {isa = PBXFileReference; explicitFileType = wrapper.cfbundle; includeInIndex = 0; path = NarrativePhoneTests.xctest; sourceTree = BUILT_PRODUCTS_DIR; };
		A8BC72072A838BE60088392C /* NarrativePhoneTests.swift */ = {isa = PBXFileReference; lastKnownFileType = sourcecode.swift; path = NarrativePhoneTests.swift; sourceTree = "<group>"; };
		A8BC720D2A838BE60088392C /* NarrativePhoneUITests.xctest */ = {isa = PBXFileReference; explicitFileType = wrapper.cfbundle; includeInIndex = 0; path = NarrativePhoneUITests.xctest; sourceTree = BUILT_PRODUCTS_DIR; };
		A8BC72112A838BE60088392C /* NarrativePhoneUITests.swift */ = {isa = PBXFileReference; lastKnownFileType = sourcecode.swift; path = NarrativePhoneUITests.swift; sourceTree = "<group>"; };
		A8BC72132A838BE60088392C /* NarrativePhoneUITestsLaunchTests.swift */ = {isa = PBXFileReference; lastKnownFileType = sourcecode.swift; path = NarrativePhoneUITestsLaunchTests.swift; sourceTree = "<group>"; };
		A8F9B1F02A95B9980039B8EC /* MobileRTCResources.bundle */ = {isa = PBXFileReference; lastKnownFileType = "wrapper.plug-in"; path = MobileRTCResources.bundle; sourceTree = "<group>"; };
/* End PBXFileReference section */

/* Begin PBXFrameworksBuildPhase section */
		A8BC71EF2A838BE50088392C /* Frameworks */ = {
			isa = PBXFrameworksBuildPhase;
			buildActionMask = 2147483647;
			files = (
				A8C078BC2A8F407A008EDCC1 /* FirebaseAppDistribution-Beta in Frameworks */,
				00AA925E2A9B593700FC9CA3 /* MobileRTC.xcframework in Frameworks */,
			);
			runOnlyForDeploymentPostprocessing = 0;
		};
		A8BC72002A838BE60088392C /* Frameworks */ = {
			isa = PBXFrameworksBuildPhase;
			buildActionMask = 2147483647;
			files = (
			);
			runOnlyForDeploymentPostprocessing = 0;
		};
		A8BC720A2A838BE60088392C /* Frameworks */ = {
			isa = PBXFrameworksBuildPhase;
			buildActionMask = 2147483647;
			files = (
			);
			runOnlyForDeploymentPostprocessing = 0;
		};
/* End PBXFrameworksBuildPhase section */

/* Begin PBXGroup section */
		00AA91B62A9B57E200FC9CA3 /* Authentication */ = {
			isa = PBXGroup;
			children = (
				00AA91B72A9B57E200FC9CA3 /* UI */,
				00AA91B92A9B57E200FC9CA3 /* Feature */,
			);
			path = Authentication;
			sourceTree = "<group>";
		};
		00AA91B72A9B57E200FC9CA3 /* UI */ = {
			isa = PBXGroup;
			children = (
				00AA91B82A9B57E200FC9CA3 /* ImportAccountOptionScreen.swift */,
			);
			path = UI;
			sourceTree = "<group>";
		};
		00AA91B92A9B57E200FC9CA3 /* Feature */ = {
			isa = PBXGroup;
			children = (
				00AA91BA2A9B57E200FC9CA3 /* Start */,
				00AA91BC2A9B57E200FC9CA3 /* Login */,
			);
			path = Feature;
			sourceTree = "<group>";
		};
		00AA91BA2A9B57E200FC9CA3 /* Start */ = {
			isa = PBXGroup;
			children = (
				00AA91BB2A9B57E200FC9CA3 /* Start.swift */,
			);
			path = Start;
			sourceTree = "<group>";
		};
		00AA91BC2A9B57E200FC9CA3 /* Login */ = {
			isa = PBXGroup;
			children = (
				00AA91BD2A9B57E200FC9CA3 /* Login.swift */,
			);
			path = Login;
			sourceTree = "<group>";
		};
		00AA91C12A9B580100FC9CA3 /* Call */ = {
			isa = PBXGroup;
			children = (
				00AA91C22A9B580100FC9CA3 /* DataAccess */,
				00AA91C42A9B580100FC9CA3 /* Feature */,
			);
			path = Call;
			sourceTree = "<group>";
		};
		00AA91C22A9B580100FC9CA3 /* DataAccess */ = {
			isa = PBXGroup;
			children = (
				00AA91C32A9B580100FC9CA3 /* StartCallService.swift */,
			);
			path = DataAccess;
			sourceTree = "<group>";
		};
		00AA91C42A9B580100FC9CA3 /* Feature */ = {
			isa = PBXGroup;
			children = (
				00AA91C52A9B580100FC9CA3 /* Create */,
			);
			path = Feature;
			sourceTree = "<group>";
		};
		00AA91C52A9B580100FC9CA3 /* Create */ = {
			isa = PBXGroup;
			children = (
				00AA91C62A9B580100FC9CA3 /* ItemContactPartisipan.swift */,
				00AA91C72A9B580100FC9CA3 /* AddPartiscipan.swift */,
				00AA91C82A9B580100FC9CA3 /* CreateCall.swift */,
				00AA91C92A9B580100FC9CA3 /* ItemGroupContactParticipan.swift */,
				00AA91CA2A9B580100FC9CA3 /* JoinMeetingDialog.swift */,
				00AA91CB2A9B580100FC9CA3 /* ModalFailedCall.swift */,
			);
			path = Create;
			sourceTree = "<group>";
		};
		00AA91CC2A9B580100FC9CA3 /* Contact */ = {
			isa = PBXGroup;
			children = (
				00AA91CD2A9B580100FC9CA3 /* UI */,
				00AA91D02A9B580100FC9CA3 /* DataAccess */,
				00AA91D32A9B580100FC9CA3 /* Feature */,
			);
			path = Contact;
			sourceTree = "<group>";
		};
		00AA91CD2A9B580100FC9CA3 /* UI */ = {
			isa = PBXGroup;
			children = (
				00AA91CE2A9B580100FC9CA3 /* ContactListItem.swift */,
				00AA91CF2A9B580100FC9CA3 /* ContactGroupHeading.swift */,
			);
			path = UI;
			sourceTree = "<group>";
		};
		00AA91D02A9B580100FC9CA3 /* DataAccess */ = {
			isa = PBXGroup;
			children = (
				00AA91D12A9B580100FC9CA3 /* ContactService.swift */,
				00AA91D22A9B580100FC9CA3 /* ContactViewModel.swift */,
			);
			path = DataAccess;
			sourceTree = "<group>";
		};
		00AA91D32A9B580100FC9CA3 /* Feature */ = {
			isa = PBXGroup;
			children = (
				00AA91D42A9B580100FC9CA3 /* Category */,
				00AA91D72A9B580100FC9CA3 /* Detail */,
				00AA91D92A9B580100FC9CA3 /* List */,
				00AA91DB2A9B580100FC9CA3 /* Import */,
			);
			path = Feature;
			sourceTree = "<group>";
		};
		00AA91D42A9B580100FC9CA3 /* Category */ = {
			isa = PBXGroup;
			children = (
				00AA91D52A9B580100FC9CA3 /* ContactCategoryModal.swift */,
				00AA91D62A9B580100FC9CA3 /* ChangeCategoryModal.swift */,
			);
			path = Category;
			sourceTree = "<group>";
		};
		00AA91D72A9B580100FC9CA3 /* Detail */ = {
			isa = PBXGroup;
			children = (
				00AA91D82A9B580100FC9CA3 /* ContactDetail.swift */,
			);
			path = Detail;
			sourceTree = "<group>";
		};
		00AA91D92A9B580100FC9CA3 /* List */ = {
			isa = PBXGroup;
			children = (
				00AA91DA2A9B580100FC9CA3 /* ContactList.swift */,
			);
			path = List;
			sourceTree = "<group>";
		};
		00AA91DB2A9B580100FC9CA3 /* Import */ = {
			isa = PBXGroup;
			children = (
				00AA91DC2A9B580100FC9CA3 /* ImportContacts.swift */,
			);
			path = Import;
			sourceTree = "<group>";
		};
		00AA91DD2A9B580100FC9CA3 /* Settings */ = {
			isa = PBXGroup;
			children = (
				00AA91DE2A9B580100FC9CA3 /* UI */,
				00AA91E02A9B580100FC9CA3 /* DataAccess */,
				00AA91E32A9B580100FC9CA3 /* Feature */,
			);
			path = Settings;
			sourceTree = "<group>";
		};
		00AA91DE2A9B580100FC9CA3 /* UI */ = {
			isa = PBXGroup;
			children = (
				00AA91DF2A9B580100FC9CA3 /* AccountListItem.swift */,
			);
			path = UI;
			sourceTree = "<group>";
		};
		00AA91E02A9B580100FC9CA3 /* DataAccess */ = {
			isa = PBXGroup;
			children = (
				00AA91E12A9B580100FC9CA3 /* AccountService.swift */,
				00AA91E22A9B580100FC9CA3 /* AccountViewModel.swift */,
			);
			path = DataAccess;
			sourceTree = "<group>";
		};
		00AA91E32A9B580100FC9CA3 /* Feature */ = {
			isa = PBXGroup;
			children = (
				00AA91E42A9B580100FC9CA3 /* EditAccount */,
				00AA91E72A9B580100FC9CA3 /* AccountSettings */,
			);
			path = Feature;
			sourceTree = "<group>";
		};
		00AA91E42A9B580100FC9CA3 /* EditAccount */ = {
			isa = PBXGroup;
			children = (
				00AA91E52A9B580100FC9CA3 /* EditAccount.swift */,
				00AA91E62A9B580100FC9CA3 /* ModalChangePassword.swift */,
			);
			path = EditAccount;
			sourceTree = "<group>";
		};
		00AA91E72A9B580100FC9CA3 /* AccountSettings */ = {
			isa = PBXGroup;
			children = (
				00AA91E82A9B580100FC9CA3 /* AccountSettings.swift */,
			);
			path = AccountSettings;
			sourceTree = "<group>";
		};
		00AA91E92A9B580100FC9CA3 /* Shared */ = {
			isa = PBXGroup;
			children = (
				00AA91EA2A9B580100FC9CA3 /* UI */,
				00AA91EF2A9B580100FC9CA3 /* Models */,
				00AA91FC2A9B580100FC9CA3 /* Zoom */,
			);
			path = Shared;
			sourceTree = "<group>";
		};
		00AA91EA2A9B580100FC9CA3 /* UI */ = {
			isa = PBXGroup;
			children = (
				00AA91EB2A9B580100FC9CA3 /* LoadingModal.swift */,
				00AA91EC2A9B580100FC9CA3 /* RandomColor.swift */,
				00AA91ED2A9B580100FC9CA3 /* LoadingView.swift */,
				00AA91EE2A9B580100FC9CA3 /* ErrorView.swift */,
			);
			path = UI;
			sourceTree = "<group>";
		};
		00AA91EF2A9B580100FC9CA3 /* Models */ = {
			isa = PBXGroup;
			children = (
				00AA91F02A9B580100FC9CA3 /* PhoneCall.swift */,
				00AA91F12A9B580100FC9CA3 /* UserAPI.swift */,
				00AA91F22A9B580100FC9CA3 /* PhoneDeviceAPI.swift */,
				00AA91F32A9B580100FC9CA3 /* ContactAPI.swift */,
				00AA91F42A9B580100FC9CA3 /* CallAPI.swift */,
				00AA91F52A9B580100FC9CA3 /* User.swift */,
				00AA91F62A9B580100FC9CA3 /* AuthenticationAPI.swift */,
				00AA91F72A9B580100FC9CA3 /* SystemAdminAPI.swift */,
				00AA91F82A9B580100FC9CA3 /* AddressEntry.swift */,
				00AA91F92A9B580100FC9CA3 /* PhoneDevice.swift */,
				00AA91FA2A9B580100FC9CA3 /* AddressCategory.swift */,
				00AA91FB2A9B580100FC9CA3 /* PhoneCallAttendee.swift */,
			);
			path = Models;
			sourceTree = "<group>";
		};
		00AA91FC2A9B580100FC9CA3 /* Zoom */ = {
			isa = PBXGroup;
			children = (
				00AA91FD2A9B580100FC9CA3 /* ZoomService.swift */,
			);
			path = Zoom;
			sourceTree = "<group>";
		};
		00AA91FE2A9B580100FC9CA3 /* FavoriteContact */ = {
			isa = PBXGroup;
			children = (
				00AA91FF2A9B580100FC9CA3 /* UI */,
				00AA92012A9B580100FC9CA3 /* DataAccess */,
				00AA92042A9B580100FC9CA3 /* Feature */,
			);
			path = FavoriteContact;
			sourceTree = "<group>";
		};
		00AA91FF2A9B580100FC9CA3 /* UI */ = {
			isa = PBXGroup;
			children = (
				00AA92002A9B580100FC9CA3 /* FavoriteContactListItem.swift */,
			);
			path = UI;
			sourceTree = "<group>";
		};
		00AA92012A9B580100FC9CA3 /* DataAccess */ = {
			isa = PBXGroup;
			children = (
				00AA92022A9B580100FC9CA3 /* FavoriteContactService.swift */,
				00AA92032A9B580100FC9CA3 /* FavoriteContactViewModel.swift */,
			);
			path = DataAccess;
			sourceTree = "<group>";
		};
		00AA92042A9B580100FC9CA3 /* Feature */ = {
			isa = PBXGroup;
			children = (
				00AA92052A9B580100FC9CA3 /* List */,
			);
			path = Feature;
			sourceTree = "<group>";
		};
		00AA92052A9B580100FC9CA3 /* List */ = {
			isa = PBXGroup;
			children = (
				00AA92062A9B580100FC9CA3 /* FavoriteContactList.swift */,
			);
			path = List;
			sourceTree = "<group>";
		};
		00AA92082A9B580200FC9CA3 /* MainScreen */ = {
			isa = PBXGroup;
			children = (
				00AA92092A9B580200FC9CA3 /* UI */,
				00AA92102A9B580200FC9CA3 /* DataAccess */,
			);
			path = MainScreen;
			sourceTree = "<group>";
		};
		00AA92092A9B580200FC9CA3 /* UI */ = {
			isa = PBXGroup;
			children = (
				00AA920A2A9B580200FC9CA3 /* TabBar.swift */,
				00AA920B2A9B580200FC9CA3 /* TabBarItem.swift */,
				00AA920C2A9B580200FC9CA3 /* CurrentScreen.swift */,
				00AA920D2A9B580200FC9CA3 /* ShowModalTabBarItem.swift */,
				00AA920E2A9B580200FC9CA3 /* MainView.swift */,
				00AA920F2A9B580200FC9CA3 /* MainScreenView.swift */,
			);
			path = UI;
			sourceTree = "<group>";
		};
		00AA92102A9B580200FC9CA3 /* DataAccess */ = {
			isa = PBXGroup;
			children = (
				00AA92112A9B580200FC9CA3 /* SelectedTab.swift */,
			);
			path = DataAccess;
			sourceTree = "<group>";
		};
		00AA92122A9B580200FC9CA3 /* CallKitUi */ = {
			isa = PBXGroup;
			children = (
				00AA92132A9B580200FC9CA3 /* CallAppDelegate.swift */,
				00AA92142A9B580200FC9CA3 /* CallSceneDelegate.swift */,
			);
			path = CallKitUi;
			sourceTree = "<group>";
		};
		00AA92152A9B580200FC9CA3 /* CallHistory */ = {
			isa = PBXGroup;
			children = (
				00AA92162A9B580200FC9CA3 /* UI */,
				00AA92182A9B580200FC9CA3 /* DataAccess */,
				00AA921B2A9B580200FC9CA3 /* Feature */,
			);
			path = CallHistory;
			sourceTree = "<group>";
		};
		00AA92162A9B580200FC9CA3 /* UI */ = {
			isa = PBXGroup;
			children = (
				00AA92172A9B580200FC9CA3 /* CallHistoryListItem.swift */,
			);
			path = UI;
			sourceTree = "<group>";
		};
		00AA92182A9B580200FC9CA3 /* DataAccess */ = {
			isa = PBXGroup;
			children = (
				00AA92192A9B580200FC9CA3 /* CallHistoryService.swift */,
				00AA921A2A9B580200FC9CA3 /* CallHistoryViewModel.swift */,
			);
			path = DataAccess;
			sourceTree = "<group>";
		};
		00AA921B2A9B580200FC9CA3 /* Feature */ = {
			isa = PBXGroup;
			children = (
				00AA921C2A9B580200FC9CA3 /* List */,
			);
			path = Feature;
			sourceTree = "<group>";
		};
		00AA921C2A9B580200FC9CA3 /* List */ = {
			isa = PBXGroup;
			children = (
				00AA921D2A9B580200FC9CA3 /* CallHistoryList.swift */,
			);
			path = List;
			sourceTree = "<group>";
		};
		00AA921E2A9B580200FC9CA3 /* AccountSwitcher */ = {
			isa = PBXGroup;
			children = (
				00AA921F2A9B580200FC9CA3 /* Feature */,
			);
			path = AccountSwitcher;
			sourceTree = "<group>";
		};
		00AA921F2A9B580200FC9CA3 /* Feature */ = {
			isa = PBXGroup;
			children = (
				00AA92202A9B580200FC9CA3 /* AccountList */,
			);
			path = Feature;
			sourceTree = "<group>";
		};
		00AA92202A9B580200FC9CA3 /* AccountList */ = {
			isa = PBXGroup;
			children = (
				00AA92212A9B580200FC9CA3 /* AccountList.swift */,
			);
			path = AccountList;
			sourceTree = "<group>";
		};
		A8BC71E92A838BE50088392C = {
			isa = PBXGroup;
			children = (
				00AA925C2A9B585F00FC9CA3 /* MobileRTC.xcframework */,
				A8F9B1F02A95B9980039B8EC /* MobileRTCResources.bundle */,
				A8BC71F42A838BE50088392C /* NarrativePhone */,
				A8BC72062A838BE60088392C /* NarrativePhoneTests */,
				A8BC72102A838BE60088392C /* NarrativePhoneUITests */,
				A8BC71F32A838BE50088392C /* Products */,
			);
			sourceTree = "<group>";
		};
		A8BC71F32A838BE50088392C /* Products */ = {
			isa = PBXGroup;
			children = (
				A8BC71F22A838BE50088392C /* NarrativePhone.app */,
				A8BC72032A838BE60088392C /* NarrativePhoneTests.xctest */,
				A8BC720D2A838BE60088392C /* NarrativePhoneUITests.xctest */,
			);
			name = Products;
			sourceTree = "<group>";
		};
		A8BC71F42A838BE50088392C /* NarrativePhone */ = {
			isa = PBXGroup;
			children = (
				00AA921E2A9B580200FC9CA3 /* AccountSwitcher */,
				00AA91C12A9B580100FC9CA3 /* Call */,
				00AA92152A9B580200FC9CA3 /* CallHistory */,
				00AA92122A9B580200FC9CA3 /* CallKitUi */,
				00AA91CC2A9B580100FC9CA3 /* Contact */,
				00AA91FE2A9B580100FC9CA3 /* FavoriteContact */,
				00AA92082A9B580200FC9CA3 /* MainScreen */,
				00AA91DD2A9B580100FC9CA3 /* Settings */,
				00AA91E92A9B580100FC9CA3 /* Shared */,
				00AA91B62A9B57E200FC9CA3 /* Authentication */,
				A8629D6F2A933DF50083101A /* GoogleService-Info.plist */,
				A8BC71F52A838BE50088392C /* NarrativePhoneApp.swift */,
				A8BC71F72A838BE50088392C /* ContentView.swift */,
				A8BC71F92A838BE60088392C /* Assets.xcassets */,
				A8BC71FB2A838BE60088392C /* NarrativePhone.entitlements */,
				A8BC71FC2A838BE60088392C /* Preview Content */,
			);
			path = NarrativePhone;
			sourceTree = "<group>";
		};
		A8BC71FC2A838BE60088392C /* Preview Content */ = {
			isa = PBXGroup;
			children = (
				A8BC71FD2A838BE60088392C /* Preview Assets.xcassets */,
			);
			path = "Preview Content";
			sourceTree = "<group>";
		};
		A8BC72062A838BE60088392C /* NarrativePhoneTests */ = {
			isa = PBXGroup;
			children = (
				A8BC72072A838BE60088392C /* NarrativePhoneTests.swift */,
			);
			path = NarrativePhoneTests;
			sourceTree = "<group>";
		};
		A8BC72102A838BE60088392C /* NarrativePhoneUITests */ = {
			isa = PBXGroup;
			children = (
				A8BC72112A838BE60088392C /* NarrativePhoneUITests.swift */,
				A8BC72132A838BE60088392C /* NarrativePhoneUITestsLaunchTests.swift */,
			);
			path = NarrativePhoneUITests;
			sourceTree = "<group>";
		};
/* End PBXGroup section */

/* Begin PBXNativeTarget section */
		A8BC71F12A838BE50088392C /* NarrativePhone */ = {
			isa = PBXNativeTarget;
			buildConfigurationList = A8BC72172A838BE60088392C /* Build configuration list for PBXNativeTarget "NarrativePhone" */;
			buildPhases = (
				A8BC71EE2A838BE50088392C /* Sources */,
				A8BC71EF2A838BE50088392C /* Frameworks */,
				A8BC71F02A838BE50088392C /* Resources */,
				00AA92602A9B593700FC9CA3 /* Embed Frameworks */,
			);
			buildRules = (
			);
			dependencies = (
			);
			name = NarrativePhone;
			packageProductDependencies = (
				A8C078BB2A8F407A008EDCC1 /* FirebaseAppDistribution-Beta */,
			);
			productName = NarrativePhone;
			productReference = A8BC71F22A838BE50088392C /* NarrativePhone.app */;
			productType = "com.apple.product-type.application";
		};
		A8BC72022A838BE60088392C /* NarrativePhoneTests */ = {
			isa = PBXNativeTarget;
			buildConfigurationList = A8BC721A2A838BE60088392C /* Build configuration list for PBXNativeTarget "NarrativePhoneTests" */;
			buildPhases = (
				A8BC71FF2A838BE60088392C /* Sources */,
				A8BC72002A838BE60088392C /* Frameworks */,
				A8BC72012A838BE60088392C /* Resources */,
			);
			buildRules = (
			);
			dependencies = (
				A8BC72052A838BE60088392C /* PBXTargetDependency */,
			);
			name = NarrativePhoneTests;
			productName = NarrativePhoneTests;
			productReference = A8BC72032A838BE60088392C /* NarrativePhoneTests.xctest */;
			productType = "com.apple.product-type.bundle.unit-test";
		};
		A8BC720C2A838BE60088392C /* NarrativePhoneUITests */ = {
			isa = PBXNativeTarget;
			buildConfigurationList = A8BC721D2A838BE60088392C /* Build configuration list for PBXNativeTarget "NarrativePhoneUITests" */;
			buildPhases = (
				A8BC72092A838BE60088392C /* Sources */,
				A8BC720A2A838BE60088392C /* Frameworks */,
				A8BC720B2A838BE60088392C /* Resources */,
			);
			buildRules = (
			);
			dependencies = (
				A8BC720F2A838BE60088392C /* PBXTargetDependency */,
			);
			name = NarrativePhoneUITests;
			productName = NarrativePhoneUITests;
			productReference = A8BC720D2A838BE60088392C /* NarrativePhoneUITests.xctest */;
			productType = "com.apple.product-type.bundle.ui-testing";
		};
/* End PBXNativeTarget section */

/* Begin PBXProject section */
		A8BC71EA2A838BE50088392C /* Project object */ = {
			isa = PBXProject;
			attributes = {
				BuildIndependentTargetsInParallel = 1;
				LastSwiftUpdateCheck = 1430;
				LastUpgradeCheck = 1430;
				TargetAttributes = {
					A8BC71F12A838BE50088392C = {
						CreatedOnToolsVersion = 14.3.1;
					};
					A8BC72022A838BE60088392C = {
						CreatedOnToolsVersion = 14.3.1;
						TestTargetID = A8BC71F12A838BE50088392C;
					};
					A8BC720C2A838BE60088392C = {
						CreatedOnToolsVersion = 14.3.1;
						TestTargetID = A8BC71F12A838BE50088392C;
					};
				};
			};
			buildConfigurationList = A8BC71ED2A838BE50088392C /* Build configuration list for PBXProject "NarrativePhone" */;
			compatibilityVersion = "Xcode 14.0";
			developmentRegion = en;
			hasScannedForEncodings = 0;
			knownRegions = (
				en,
				Base,
			);
			mainGroup = A8BC71E92A838BE50088392C;
			packageReferences = (
				A8C078BA2A8F407A008EDCC1 /* XCRemoteSwiftPackageReference "firebase-ios-sdk" */,
			);
			productRefGroup = A8BC71F32A838BE50088392C /* Products */;
			projectDirPath = "";
			projectRoot = "";
			targets = (
				A8BC71F12A838BE50088392C /* NarrativePhone */,
				A8BC72022A838BE60088392C /* NarrativePhoneTests */,
				A8BC720C2A838BE60088392C /* NarrativePhoneUITests */,
			);
		};
/* End PBXProject section */

/* Begin PBXResourcesBuildPhase section */
		A8BC71F02A838BE50088392C /* Resources */ = {
			isa = PBXResourcesBuildPhase;
			buildActionMask = 2147483647;
			files = (
				A8BC71FE2A838BE60088392C /* Preview Assets.xcassets in Resources */,
				A8F9B1F22A95B9990039B8EC /* MobileRTCResources.bundle in Resources */,
				A8BC71FA2A838BE60088392C /* Assets.xcassets in Resources */,
				A8629D702A933DF50083101A /* GoogleService-Info.plist in Resources */,
			);
			runOnlyForDeploymentPostprocessing = 0;
		};
		A8BC72012A838BE60088392C /* Resources */ = {
			isa = PBXResourcesBuildPhase;
			buildActionMask = 2147483647;
			files = (
			);
			runOnlyForDeploymentPostprocessing = 0;
		};
		A8BC720B2A838BE60088392C /* Resources */ = {
			isa = PBXResourcesBuildPhase;
			buildActionMask = 2147483647;
			files = (
			);
			runOnlyForDeploymentPostprocessing = 0;
		};
/* End PBXResourcesBuildPhase section */

/* Begin PBXSourcesBuildPhase section */
		A8BC71EE2A838BE50088392C /* Sources */ = {
			isa = PBXSourcesBuildPhase;
			buildActionMask = 2147483647;
			files = (
				00AA923C2A9B580300FC9CA3 /* PhoneCall.swift in Sources */,
				00AA925B2A9B580300FC9CA3 /* AccountList.swift in Sources */,
				00AA92252A9B580300FC9CA3 /* CreateCall.swift in Sources */,
				00AA923D2A9B580300FC9CA3 /* UserAPI.swift in Sources */,
				00AA92582A9B580300FC9CA3 /* CallHistoryService.swift in Sources */,
				00AA92572A9B580300FC9CA3 /* CallHistoryListItem.swift in Sources */,
				00AA92232A9B580300FC9CA3 /* ItemContactPartisipan.swift in Sources */,
				00AA922D2A9B580300FC9CA3 /* ContactCategoryModal.swift in Sources */,
				00AA92282A9B580300FC9CA3 /* ModalFailedCall.swift in Sources */,
				00AA92302A9B580300FC9CA3 /* ContactList.swift in Sources */,
				00AA92562A9B580300FC9CA3 /* CallSceneDelegate.swift in Sources */,
				00AA92332A9B580300FC9CA3 /* AccountService.swift in Sources */,
				00AA92222A9B580300FC9CA3 /* StartCallService.swift in Sources */,
				00AA923B2A9B580300FC9CA3 /* ErrorView.swift in Sources */,
				00AA92522A9B580300FC9CA3 /* MainView.swift in Sources */,
				00AA92422A9B580300FC9CA3 /* AuthenticationAPI.swift in Sources */,
				00AA92592A9B580300FC9CA3 /* CallHistoryViewModel.swift in Sources */,
				00AA92322A9B580300FC9CA3 /* AccountListItem.swift in Sources */,
				00AA925A2A9B580300FC9CA3 /* CallHistoryList.swift in Sources */,
				00AA924F2A9B580300FC9CA3 /* TabBarItem.swift in Sources */,
				00AA92512A9B580300FC9CA3 /* ShowModalTabBarItem.swift in Sources */,
				00AA92382A9B580300FC9CA3 /* LoadingModal.swift in Sources */,
				00AA92442A9B580300FC9CA3 /* AddressEntry.swift in Sources */,
				00AA92482A9B580300FC9CA3 /* ZoomService.swift in Sources */,
				00AA91BF2A9B57E300FC9CA3 /* Start.swift in Sources */,
				00AA923E2A9B580300FC9CA3 /* PhoneDeviceAPI.swift in Sources */,
				00AA92432A9B580300FC9CA3 /* SystemAdminAPI.swift in Sources */,
				00AA92262A9B580300FC9CA3 /* ItemGroupContactParticipan.swift in Sources */,
				00AA92342A9B580300FC9CA3 /* AccountViewModel.swift in Sources */,
				00AA924A2A9B580300FC9CA3 /* FavoriteContactService.swift in Sources */,
				00AA922E2A9B580300FC9CA3 /* ChangeCategoryModal.swift in Sources */,
				00AA91C02A9B57E300FC9CA3 /* Login.swift in Sources */,
				00AA92452A9B580300FC9CA3 /* PhoneDevice.swift in Sources */,
				00AA923F2A9B580300FC9CA3 /* ContactAPI.swift in Sources */,
				00AA92492A9B580300FC9CA3 /* FavoriteContactListItem.swift in Sources */,
				00AA92542A9B580300FC9CA3 /* SelectedTab.swift in Sources */,
				A8BC71F82A838BE50088392C /* ContentView.swift in Sources */,
				00AA92362A9B580300FC9CA3 /* ModalChangePassword.swift in Sources */,
				00AA924C2A9B580300FC9CA3 /* FavoriteContactList.swift in Sources */,
				00AA922B2A9B580300FC9CA3 /* ContactService.swift in Sources */,
				00AA922C2A9B580300FC9CA3 /* ContactViewModel.swift in Sources */,
				00AA92412A9B580300FC9CA3 /* User.swift in Sources */,
				00AA92472A9B580300FC9CA3 /* PhoneCallAttendee.swift in Sources */,
				00AA92462A9B580300FC9CA3 /* AddressCategory.swift in Sources */,
				00AA92372A9B580300FC9CA3 /* AccountSettings.swift in Sources */,
				00AA92312A9B580300FC9CA3 /* ImportContacts.swift in Sources */,
				00AA91BE2A9B57E300FC9CA3 /* ImportAccountOptionScreen.swift in Sources */,
				00AA92502A9B580300FC9CA3 /* CurrentScreen.swift in Sources */,
				00AA92402A9B580300FC9CA3 /* CallAPI.swift in Sources */,
				00AA922A2A9B580300FC9CA3 /* ContactGroupHeading.swift in Sources */,
				00AA92392A9B580300FC9CA3 /* RandomColor.swift in Sources */,
				00AA923A2A9B580300FC9CA3 /* LoadingView.swift in Sources */,
				00AA924E2A9B580300FC9CA3 /* TabBar.swift in Sources */,
				00AA92242A9B580300FC9CA3 /* AddPartiscipan.swift in Sources */,
				00AA92552A9B580300FC9CA3 /* CallAppDelegate.swift in Sources */,
				00AA92352A9B580300FC9CA3 /* EditAccount.swift in Sources */,
				00AA924B2A9B580300FC9CA3 /* FavoriteContactViewModel.swift in Sources */,
				00AA92532A9B580300FC9CA3 /* MainScreenView.swift in Sources */,
				A8BC71F62A838BE50088392C /* NarrativePhoneApp.swift in Sources */,
				00AA92272A9B580300FC9CA3 /* JoinMeetingDialog.swift in Sources */,
				00AA92292A9B580300FC9CA3 /* ContactListItem.swift in Sources */,
				00AA922F2A9B580300FC9CA3 /* ContactDetail.swift in Sources */,
			);
			runOnlyForDeploymentPostprocessing = 0;
		};
		A8BC71FF2A838BE60088392C /* Sources */ = {
			isa = PBXSourcesBuildPhase;
			buildActionMask = 2147483647;
			files = (
				A8BC72082A838BE60088392C /* NarrativePhoneTests.swift in Sources */,
			);
			runOnlyForDeploymentPostprocessing = 0;
		};
		A8BC72092A838BE60088392C /* Sources */ = {
			isa = PBXSourcesBuildPhase;
			buildActionMask = 2147483647;
			files = (
				A8BC72142A838BE60088392C /* NarrativePhoneUITestsLaunchTests.swift in Sources */,
				A8BC72122A838BE60088392C /* NarrativePhoneUITests.swift in Sources */,
			);
			runOnlyForDeploymentPostprocessing = 0;
		};
/* End PBXSourcesBuildPhase section */

/* Begin PBXTargetDependency section */
		A8BC72052A838BE60088392C /* PBXTargetDependency */ = {
			isa = PBXTargetDependency;
			target = A8BC71F12A838BE50088392C /* NarrativePhone */;
			targetProxy = A8BC72042A838BE60088392C /* PBXContainerItemProxy */;
		};
		A8BC720F2A838BE60088392C /* PBXTargetDependency */ = {
			isa = PBXTargetDependency;
			target = A8BC71F12A838BE50088392C /* NarrativePhone */;
			targetProxy = A8BC720E2A838BE60088392C /* PBXContainerItemProxy */;
		};
/* End PBXTargetDependency section */

/* Begin XCBuildConfiguration section */
		A8BC72152A838BE60088392C /* Debug */ = {
			isa = XCBuildConfiguration;
			buildSettings = {
				ALWAYS_SEARCH_USER_PATHS = NO;
				CLANG_ANALYZER_NONNULL = YES;
				CLANG_ANALYZER_NUMBER_OBJECT_CONVERSION = YES_AGGRESSIVE;
				CLANG_CXX_LANGUAGE_STANDARD = "gnu++20";
				CLANG_ENABLE_MODULES = YES;
				CLANG_ENABLE_OBJC_ARC = YES;
				CLANG_ENABLE_OBJC_WEAK = YES;
				CLANG_WARN_BLOCK_CAPTURE_AUTORELEASING = YES;
				CLANG_WARN_BOOL_CONVERSION = YES;
				CLANG_WARN_COMMA = YES;
				CLANG_WARN_CONSTANT_CONVERSION = YES;
				CLANG_WARN_DEPRECATED_OBJC_IMPLEMENTATIONS = YES;
				CLANG_WARN_DIRECT_OBJC_ISA_USAGE = YES_ERROR;
				CLANG_WARN_DOCUMENTATION_COMMENTS = YES;
				CLANG_WARN_EMPTY_BODY = YES;
				CLANG_WARN_ENUM_CONVERSION = YES;
				CLANG_WARN_INFINITE_RECURSION = YES;
				CLANG_WARN_INT_CONVERSION = YES;
				CLANG_WARN_NON_LITERAL_NULL_CONVERSION = YES;
				CLANG_WARN_OBJC_IMPLICIT_RETAIN_SELF = YES;
				CLANG_WARN_OBJC_LITERAL_CONVERSION = YES;
				CLANG_WARN_OBJC_ROOT_CLASS = YES_ERROR;
				CLANG_WARN_QUOTED_INCLUDE_IN_FRAMEWORK_HEADER = YES;
				CLANG_WARN_RANGE_LOOP_ANALYSIS = YES;
				CLANG_WARN_STRICT_PROTOTYPES = YES;
				CLANG_WARN_SUSPICIOUS_MOVE = YES;
				CLANG_WARN_UNGUARDED_AVAILABILITY = YES_AGGRESSIVE;
				CLANG_WARN_UNREACHABLE_CODE = YES;
				CLANG_WARN__DUPLICATE_METHOD_MATCH = YES;
				COPY_PHASE_STRIP = NO;
				DEBUG_INFORMATION_FORMAT = dwarf;
				ENABLE_STRICT_OBJC_MSGSEND = YES;
				ENABLE_TESTABILITY = YES;
				GCC_C_LANGUAGE_STANDARD = gnu11;
				GCC_DYNAMIC_NO_PIC = NO;
				GCC_NO_COMMON_BLOCKS = YES;
				GCC_OPTIMIZATION_LEVEL = 0;
				GCC_PREPROCESSOR_DEFINITIONS = (
					"DEBUG=1",
					"$(inherited)",
				);
				GCC_WARN_64_TO_32_BIT_CONVERSION = YES;
				GCC_WARN_ABOUT_RETURN_TYPE = YES_ERROR;
				GCC_WARN_UNDECLARED_SELECTOR = YES;
				GCC_WARN_UNINITIALIZED_AUTOS = YES_AGGRESSIVE;
				GCC_WARN_UNUSED_FUNCTION = YES;
				GCC_WARN_UNUSED_VARIABLE = YES;
				IPHONEOS_DEPLOYMENT_TARGET = 16.4;
				MTL_ENABLE_DEBUG_INFO = INCLUDE_SOURCE;
				MTL_FAST_MATH = YES;
				ONLY_ACTIVE_ARCH = YES;
				SWIFT_ACTIVE_COMPILATION_CONDITIONS = DEBUG;
				SWIFT_OPTIMIZATION_LEVEL = "-Onone";
			};
			name = Debug;
		};
		A8BC72162A838BE60088392C /* Release */ = {
			isa = XCBuildConfiguration;
			buildSettings = {
				ALWAYS_SEARCH_USER_PATHS = NO;
				CLANG_ANALYZER_NONNULL = YES;
				CLANG_ANALYZER_NUMBER_OBJECT_CONVERSION = YES_AGGRESSIVE;
				CLANG_CXX_LANGUAGE_STANDARD = "gnu++20";
				CLANG_ENABLE_MODULES = YES;
				CLANG_ENABLE_OBJC_ARC = YES;
				CLANG_ENABLE_OBJC_WEAK = YES;
				CLANG_WARN_BLOCK_CAPTURE_AUTORELEASING = YES;
				CLANG_WARN_BOOL_CONVERSION = YES;
				CLANG_WARN_COMMA = YES;
				CLANG_WARN_CONSTANT_CONVERSION = YES;
				CLANG_WARN_DEPRECATED_OBJC_IMPLEMENTATIONS = YES;
				CLANG_WARN_DIRECT_OBJC_ISA_USAGE = YES_ERROR;
				CLANG_WARN_DOCUMENTATION_COMMENTS = YES;
				CLANG_WARN_EMPTY_BODY = YES;
				CLANG_WARN_ENUM_CONVERSION = YES;
				CLANG_WARN_INFINITE_RECURSION = YES;
				CLANG_WARN_INT_CONVERSION = YES;
				CLANG_WARN_NON_LITERAL_NULL_CONVERSION = YES;
				CLANG_WARN_OBJC_IMPLICIT_RETAIN_SELF = YES;
				CLANG_WARN_OBJC_LITERAL_CONVERSION = YES;
				CLANG_WARN_OBJC_ROOT_CLASS = YES_ERROR;
				CLANG_WARN_QUOTED_INCLUDE_IN_FRAMEWORK_HEADER = YES;
				CLANG_WARN_RANGE_LOOP_ANALYSIS = YES;
				CLANG_WARN_STRICT_PROTOTYPES = YES;
				CLANG_WARN_SUSPICIOUS_MOVE = YES;
				CLANG_WARN_UNGUARDED_AVAILABILITY = YES_AGGRESSIVE;
				CLANG_WARN_UNREACHABLE_CODE = YES;
				CLANG_WARN__DUPLICATE_METHOD_MATCH = YES;
				COPY_PHASE_STRIP = NO;
				DEBUG_INFORMATION_FORMAT = "dwarf-with-dsym";
				ENABLE_NS_ASSERTIONS = NO;
				ENABLE_STRICT_OBJC_MSGSEND = YES;
				GCC_C_LANGUAGE_STANDARD = gnu11;
				GCC_NO_COMMON_BLOCKS = YES;
				GCC_WARN_64_TO_32_BIT_CONVERSION = YES;
				GCC_WARN_ABOUT_RETURN_TYPE = YES_ERROR;
				GCC_WARN_UNDECLARED_SELECTOR = YES;
				GCC_WARN_UNINITIALIZED_AUTOS = YES_AGGRESSIVE;
				GCC_WARN_UNUSED_FUNCTION = YES;
				GCC_WARN_UNUSED_VARIABLE = YES;
				IPHONEOS_DEPLOYMENT_TARGET = 16.4;
				MTL_ENABLE_DEBUG_INFO = NO;
				MTL_FAST_MATH = YES;
				SWIFT_COMPILATION_MODE = wholemodule;
				SWIFT_OPTIMIZATION_LEVEL = "-O";
			};
			name = Release;
		};
		A8BC72182A838BE60088392C /* Debug */ = {
			isa = XCBuildConfiguration;
			buildSettings = {
				ASSETCATALOG_COMPILER_APPICON_NAME = AppIcon;
				ASSETCATALOG_COMPILER_GLOBAL_ACCENT_COLOR_NAME = AccentColor;
				CODE_SIGN_ENTITLEMENTS = NarrativePhone/NarrativePhone.entitlements;
				CODE_SIGN_IDENTITY = "Apple Development";
				CODE_SIGN_STYLE = Automatic;
				CURRENT_PROJECT_VERSION = 1;
				DEVELOPMENT_ASSET_PATHS = "\"NarrativePhone/Preview Content\"";
				DEVELOPMENT_TEAM = 287ARVW5XA;
				ENABLE_HARDENED_RUNTIME = YES;
				ENABLE_PREVIEWS = YES;
				GENERATE_INFOPLIST_FILE = YES;
				INFOPLIST_KEY_NSCameraUsageDescription = "\"\"";
				"INFOPLIST_KEY_UIApplicationSceneManifest_Generation[sdk=iphoneos*]" = YES;
				"INFOPLIST_KEY_UIApplicationSceneManifest_Generation[sdk=iphonesimulator*]" = YES;
				"INFOPLIST_KEY_UIApplicationSupportsIndirectInputEvents[sdk=iphoneos*]" = YES;
				"INFOPLIST_KEY_UIApplicationSupportsIndirectInputEvents[sdk=iphonesimulator*]" = YES;
				"INFOPLIST_KEY_UILaunchScreen_Generation[sdk=iphoneos*]" = YES;
				"INFOPLIST_KEY_UILaunchScreen_Generation[sdk=iphonesimulator*]" = YES;
				"INFOPLIST_KEY_UIStatusBarStyle[sdk=iphoneos*]" = UIStatusBarStyleDefault;
				"INFOPLIST_KEY_UIStatusBarStyle[sdk=iphonesimulator*]" = UIStatusBarStyleDefault;
				INFOPLIST_KEY_UISupportedInterfaceOrientations_iPad = "UIInterfaceOrientationPortrait UIInterfaceOrientationPortraitUpsideDown UIInterfaceOrientationLandscapeLeft UIInterfaceOrientationLandscapeRight";
				INFOPLIST_KEY_UISupportedInterfaceOrientations_iPhone = "UIInterfaceOrientationPortrait UIInterfaceOrientationLandscapeLeft UIInterfaceOrientationLandscapeRight";
				IPHONEOS_DEPLOYMENT_TARGET = 15.0;
				LD_RUNPATH_SEARCH_PATHS = "@executable_path/Frameworks";
				"LD_RUNPATH_SEARCH_PATHS[sdk=macosx*]" = "@executable_path/../Frameworks";
				MACOSX_DEPLOYMENT_TARGET = 13.3;
				MARKETING_VERSION = 1.0;
				PRODUCT_BUNDLE_IDENTIFIER = jp.co.xcf.narrativephone1;
				PRODUCT_NAME = "$(TARGET_NAME)";
				PROVISIONING_PROFILE_SPECIFIER = "";
				SDKROOT = auto;
				SUPPORTED_PLATFORMS = "iphoneos iphonesimulator macosx";
				SWIFT_EMIT_LOC_STRINGS = YES;
				SWIFT_VERSION = 5.0;
				TARGETED_DEVICE_FAMILY = "1,2";
			};
			name = Debug;
		};
		A8BC72192A838BE60088392C /* Release */ = {
			isa = XCBuildConfiguration;
			buildSettings = {
				ASSETCATALOG_COMPILER_APPICON_NAME = AppIcon;
				ASSETCATALOG_COMPILER_GLOBAL_ACCENT_COLOR_NAME = AccentColor;
				CODE_SIGN_ENTITLEMENTS = NarrativePhone/NarrativePhone.entitlements;
				CODE_SIGN_IDENTITY = "Apple Development";
				CODE_SIGN_STYLE = Automatic;
				CURRENT_PROJECT_VERSION = 1;
				DEVELOPMENT_ASSET_PATHS = "\"NarrativePhone/Preview Content\"";
				DEVELOPMENT_TEAM = 287ARVW5XA;
				ENABLE_HARDENED_RUNTIME = YES;
				ENABLE_PREVIEWS = YES;
				GENERATE_INFOPLIST_FILE = YES;
				INFOPLIST_KEY_NSCameraUsageDescription = "\"\"";
				"INFOPLIST_KEY_UIApplicationSceneManifest_Generation[sdk=iphoneos*]" = YES;
				"INFOPLIST_KEY_UIApplicationSceneManifest_Generation[sdk=iphonesimulator*]" = YES;
				"INFOPLIST_KEY_UIApplicationSupportsIndirectInputEvents[sdk=iphoneos*]" = YES;
				"INFOPLIST_KEY_UIApplicationSupportsIndirectInputEvents[sdk=iphonesimulator*]" = YES;
				"INFOPLIST_KEY_UILaunchScreen_Generation[sdk=iphoneos*]" = YES;
				"INFOPLIST_KEY_UILaunchScreen_Generation[sdk=iphonesimulator*]" = YES;
				"INFOPLIST_KEY_UIStatusBarStyle[sdk=iphoneos*]" = UIStatusBarStyleDefault;
				"INFOPLIST_KEY_UIStatusBarStyle[sdk=iphonesimulator*]" = UIStatusBarStyleDefault;
				INFOPLIST_KEY_UISupportedInterfaceOrientations_iPad = "UIInterfaceOrientationPortrait UIInterfaceOrientationPortraitUpsideDown UIInterfaceOrientationLandscapeLeft UIInterfaceOrientationLandscapeRight";
				INFOPLIST_KEY_UISupportedInterfaceOrientations_iPhone = "UIInterfaceOrientationPortrait UIInterfaceOrientationLandscapeLeft UIInterfaceOrientationLandscapeRight";
				IPHONEOS_DEPLOYMENT_TARGET = 15.0;
				LD_RUNPATH_SEARCH_PATHS = "@executable_path/Frameworks";
				"LD_RUNPATH_SEARCH_PATHS[sdk=macosx*]" = "@executable_path/../Frameworks";
				MACOSX_DEPLOYMENT_TARGET = 13.3;
				MARKETING_VERSION = 1.0;
				PRODUCT_BUNDLE_IDENTIFIER = jp.co.xcf.narrativephone1;
				PRODUCT_NAME = "$(TARGET_NAME)";
				PROVISIONING_PROFILE_SPECIFIER = "";
				SDKROOT = auto;
				SUPPORTED_PLATFORMS = "iphoneos iphonesimulator macosx";
				SWIFT_EMIT_LOC_STRINGS = YES;
				SWIFT_VERSION = 5.0;
				TARGETED_DEVICE_FAMILY = "1,2";
			};
			name = Release;
		};
		A8BC721B2A838BE60088392C /* Debug */ = {
			isa = XCBuildConfiguration;
			buildSettings = {
				ALWAYS_EMBED_SWIFT_STANDARD_LIBRARIES = YES;
				BUNDLE_LOADER = "$(TEST_HOST)";
				CODE_SIGN_STYLE = Automatic;
				CURRENT_PROJECT_VERSION = 1;
				DEVELOPMENT_TEAM = U4CWVU89RL;
				GENERATE_INFOPLIST_FILE = YES;
				IPHONEOS_DEPLOYMENT_TARGET = 16.4;
				MACOSX_DEPLOYMENT_TARGET = 13.3;
				MARKETING_VERSION = 1.0;
				PRODUCT_BUNDLE_IDENTIFIER = jp.co.xcf.narrativephone.NarrativePhoneTests;
				PRODUCT_NAME = "$(TARGET_NAME)";
				SDKROOT = auto;
				SUPPORTED_PLATFORMS = "iphoneos iphonesimulator macosx";
				SWIFT_EMIT_LOC_STRINGS = NO;
				SWIFT_VERSION = 5.0;
				TARGETED_DEVICE_FAMILY = "1,2";
				TEST_HOST = "$(BUILT_PRODUCTS_DIR)/NarrativePhone.app/$(BUNDLE_EXECUTABLE_FOLDER_PATH)/NarrativePhone";
			};
			name = Debug;
		};
		A8BC721C2A838BE60088392C /* Release */ = {
			isa = XCBuildConfiguration;
			buildSettings = {
				ALWAYS_EMBED_SWIFT_STANDARD_LIBRARIES = YES;
				BUNDLE_LOADER = "$(TEST_HOST)";
				CODE_SIGN_STYLE = Automatic;
				CURRENT_PROJECT_VERSION = 1;
				DEVELOPMENT_TEAM = U4CWVU89RL;
				GENERATE_INFOPLIST_FILE = YES;
				IPHONEOS_DEPLOYMENT_TARGET = 16.4;
				MACOSX_DEPLOYMENT_TARGET = 13.3;
				MARKETING_VERSION = 1.0;
				PRODUCT_BUNDLE_IDENTIFIER = jp.co.xcf.narrativephone.NarrativePhoneTests;
				PRODUCT_NAME = "$(TARGET_NAME)";
				SDKROOT = auto;
				SUPPORTED_PLATFORMS = "iphoneos iphonesimulator macosx";
				SWIFT_EMIT_LOC_STRINGS = NO;
				SWIFT_VERSION = 5.0;
				TARGETED_DEVICE_FAMILY = "1,2";
				TEST_HOST = "$(BUILT_PRODUCTS_DIR)/NarrativePhone.app/$(BUNDLE_EXECUTABLE_FOLDER_PATH)/NarrativePhone";
			};
			name = Release;
		};
		A8BC721E2A838BE60088392C /* Debug */ = {
			isa = XCBuildConfiguration;
			buildSettings = {
				ALWAYS_EMBED_SWIFT_STANDARD_LIBRARIES = YES;
				CODE_SIGN_STYLE = Automatic;
				CURRENT_PROJECT_VERSION = 1;
				DEVELOPMENT_TEAM = U4CWVU89RL;
				GENERATE_INFOPLIST_FILE = YES;
				IPHONEOS_DEPLOYMENT_TARGET = 16.4;
				MACOSX_DEPLOYMENT_TARGET = 13.3;
				MARKETING_VERSION = 1.0;
				PRODUCT_BUNDLE_IDENTIFIER = jp.co.xcf.narrativephone.NarrativePhoneUITests;
				PRODUCT_NAME = "$(TARGET_NAME)";
				SDKROOT = auto;
				SUPPORTED_PLATFORMS = "iphoneos iphonesimulator macosx";
				SWIFT_EMIT_LOC_STRINGS = NO;
				SWIFT_VERSION = 5.0;
				TARGETED_DEVICE_FAMILY = "1,2";
				TEST_TARGET_NAME = NarrativePhone;
			};
			name = Debug;
		};
		A8BC721F2A838BE60088392C /* Release */ = {
			isa = XCBuildConfiguration;
			buildSettings = {
				ALWAYS_EMBED_SWIFT_STANDARD_LIBRARIES = YES;
				CODE_SIGN_STYLE = Automatic;
				CURRENT_PROJECT_VERSION = 1;
				DEVELOPMENT_TEAM = U4CWVU89RL;
				GENERATE_INFOPLIST_FILE = YES;
				IPHONEOS_DEPLOYMENT_TARGET = 16.4;
				MACOSX_DEPLOYMENT_TARGET = 13.3;
				MARKETING_VERSION = 1.0;
				PRODUCT_BUNDLE_IDENTIFIER = jp.co.xcf.narrativephone.NarrativePhoneUITests;
				PRODUCT_NAME = "$(TARGET_NAME)";
				SDKROOT = auto;
				SUPPORTED_PLATFORMS = "iphoneos iphonesimulator macosx";
				SWIFT_EMIT_LOC_STRINGS = NO;
				SWIFT_VERSION = 5.0;
				TARGETED_DEVICE_FAMILY = "1,2";
				TEST_TARGET_NAME = NarrativePhone;
			};
			name = Release;
		};
/* End XCBuildConfiguration section */

/* Begin XCConfigurationList section */
		A8BC71ED2A838BE50088392C /* Build configuration list for PBXProject "NarrativePhone" */ = {
			isa = XCConfigurationList;
			buildConfigurations = (
				A8BC72152A838BE60088392C /* Debug */,
				A8BC72162A838BE60088392C /* Release */,
			);
			defaultConfigurationIsVisible = 0;
			defaultConfigurationName = Release;
		};
		A8BC72172A838BE60088392C /* Build configuration list for PBXNativeTarget "NarrativePhone" */ = {
			isa = XCConfigurationList;
			buildConfigurations = (
				A8BC72182A838BE60088392C /* Debug */,
				A8BC72192A838BE60088392C /* Release */,
			);
			defaultConfigurationIsVisible = 0;
			defaultConfigurationName = Release;
		};
		A8BC721A2A838BE60088392C /* Build configuration list for PBXNativeTarget "NarrativePhoneTests" */ = {
			isa = XCConfigurationList;
			buildConfigurations = (
				A8BC721B2A838BE60088392C /* Debug */,
				A8BC721C2A838BE60088392C /* Release */,
			);
			defaultConfigurationIsVisible = 0;
			defaultConfigurationName = Release;
		};
		A8BC721D2A838BE60088392C /* Build configuration list for PBXNativeTarget "NarrativePhoneUITests" */ = {
			isa = XCConfigurationList;
			buildConfigurations = (
				A8BC721E2A838BE60088392C /* Debug */,
				A8BC721F2A838BE60088392C /* Release */,
			);
			defaultConfigurationIsVisible = 0;
			defaultConfigurationName = Release;
		};
/* End XCConfigurationList section */

/* Begin XCRemoteSwiftPackageReference section */
		A8C078BA2A8F407A008EDCC1 /* XCRemoteSwiftPackageReference "firebase-ios-sdk" */ = {
			isa = XCRemoteSwiftPackageReference;
			repositoryURL = "https://github.com/firebase/firebase-ios-sdk";
			requirement = {
				kind = upToNextMajorVersion;
				minimumVersion = 10.0.0;
			};
		};
/* End XCRemoteSwiftPackageReference section */

/* Begin XCSwiftPackageProductDependency section */
		A8C078BB2A8F407A008EDCC1 /* FirebaseAppDistribution-Beta */ = {
			isa = XCSwiftPackageProductDependency;
			package = A8C078BA2A8F407A008EDCC1 /* XCRemoteSwiftPackageReference "firebase-ios-sdk" */;
			productName = "FirebaseAppDistribution-Beta";
		};
/* End XCSwiftPackageProductDependency section */
	};
	rootObject = A8BC71EA2A838BE50088392C /* Project object */;
}
